// !$*UTF8*$!
{
	archiveVersion = 1;
	classes = {
	};
	objectVersion = 46;
	objects = {

/* Begin PBXBuildFile section */
		AA803BFA1AE9FB8B00E239DC /* main.m in Sources */ = {isa = PBXBuildFile; fileRef = AA803BF91AE9FB8B00E239DC /* main.m */; };
		AA803BFD1AE9FB8B00E239DC /* AppDelegate.m in Sources */ = {isa = PBXBuildFile; fileRef = AA803BFC1AE9FB8B00E239DC /* AppDelegate.m */; };
		AA803C001AE9FB8B00E239DC /* MultihopChat.xcdatamodeld in Sources */ = {isa = PBXBuildFile; fileRef = AA803BFE1AE9FB8B00E239DC /* MultihopChat.xcdatamodeld */; };
		AA803C031AE9FB8B00E239DC /* MasterViewController.m in Sources */ = {isa = PBXBuildFile; fileRef = AA803C021AE9FB8B00E239DC /* MasterViewController.m */; };
		AA803C061AE9FB8B00E239DC /* DetailViewController.m in Sources */ = {isa = PBXBuildFile; fileRef = AA803C051AE9FB8B00E239DC /* DetailViewController.m */; };
		AA803C091AE9FB8B00E239DC /* Main.storyboard in Resources */ = {isa = PBXBuildFile; fileRef = AA803C071AE9FB8B00E239DC /* Main.storyboard */; };
		AA803C0B1AE9FB8B00E239DC /* Images.xcassets in Resources */ = {isa = PBXBuildFile; fileRef = AA803C0A1AE9FB8B00E239DC /* Images.xcassets */; };
		AA803C0E1AE9FB8B00E239DC /* LaunchScreen.xib in Resources */ = {isa = PBXBuildFile; fileRef = AA803C0C1AE9FB8B00E239DC /* LaunchScreen.xib */; };
		AA803C1A1AE9FB8B00E239DC /* MultihopChatTests.m in Sources */ = {isa = PBXBuildFile; fileRef = AA803C191AE9FB8B00E239DC /* MultihopChatTests.m */; };
		AA803C421AE9FCCA00E239DC /* MH6ShotsProtocol.m in Sources */ = {isa = PBXBuildFile; fileRef = AA803C251AE9FCCA00E239DC /* MH6ShotsProtocol.m */; };
		AA803C431AE9FCCA00E239DC /* MH6ShotsSchedule.m in Sources */ = {isa = PBXBuildFile; fileRef = AA803C271AE9FCCA00E239DC /* MH6ShotsSchedule.m */; };
		AA803C441AE9FCCA00E239DC /* MH6ShotsScheduler.m in Sources */ = {isa = PBXBuildFile; fileRef = AA803C291AE9FCCA00E239DC /* MH6ShotsScheduler.m */; };
		AA803C451AE9FCCA00E239DC /* MHConnectionBuffer.m in Sources */ = {isa = PBXBuildFile; fileRef = AA803C2B1AE9FCCA00E239DC /* MHConnectionBuffer.m */; };
		AA803C461AE9FCCA00E239DC /* MHConnectionsHandler.m in Sources */ = {isa = PBXBuildFile; fileRef = AA803C2D1AE9FCCA00E239DC /* MHConnectionsHandler.m */; };
		AA803C471AE9FCCA00E239DC /* MHFloodingProtocol.m in Sources */ = {isa = PBXBuildFile; fileRef = AA803C2F1AE9FCCA00E239DC /* MHFloodingProtocol.m */; };
		AA803C481AE9FCCA00E239DC /* MHIdGenerator.m in Sources */ = {isa = PBXBuildFile; fileRef = AA803C311AE9FCCA00E239DC /* MHIdGenerator.m */; };
		AA803C491AE9FCCA00E239DC /* MHLocationManager.m in Sources */ = {isa = PBXBuildFile; fileRef = AA803C331AE9FCCA00E239DC /* MHLocationManager.m */; };
		AA803C4A1AE9FCCA00E239DC /* MHMulticastRoutingProtocol.m in Sources */ = {isa = PBXBuildFile; fileRef = AA803C351AE9FCCA00E239DC /* MHMulticastRoutingProtocol.m */; };
		AA803C4B1AE9FCCA00E239DC /* MHMulticastSocket.m in Sources */ = {isa = PBXBuildFile; fileRef = AA803C371AE9FCCA00E239DC /* MHMulticastSocket.m */; };
		AA803C4C1AE9FCCA00E239DC /* MHMultipeerWrapper.m in Sources */ = {isa = PBXBuildFile; fileRef = AA803C391AE9FCCA00E239DC /* MHMultipeerWrapper.m */; };
		AA803C4D1AE9FCCA00E239DC /* MHPacket.m in Sources */ = {isa = PBXBuildFile; fileRef = AA803C3B1AE9FCCA00E239DC /* MHPacket.m */; };
		AA803C4E1AE9FCCA00E239DC /* MHPeer.m in Sources */ = {isa = PBXBuildFile; fileRef = AA803C3D1AE9FCCA00E239DC /* MHPeer.m */; };
		AA803C4F1AE9FCCA00E239DC /* MHUnicastRoutingProtocol.m in Sources */ = {isa = PBXBuildFile; fileRef = AA803C3F1AE9FCCA00E239DC /* MHUnicastRoutingProtocol.m */; };
		AA803C501AE9FCCA00E239DC /* MHUnicastSocket.m in Sources */ = {isa = PBXBuildFile; fileRef = AA803C411AE9FCCA00E239DC /* MHUnicastSocket.m */; };
		AA803C531AE9FDC600E239DC /* Message.m in Sources */ = {isa = PBXBuildFile; fileRef = AA803C521AE9FDC600E239DC /* Message.m */; };
		AA803C591AEC67AC00E239DC /* Peer.m in Sources */ = {isa = PBXBuildFile; fileRef = AA803C581AEC67AC00E239DC /* Peer.m */; };
/* End PBXBuildFile section */

/* Begin PBXContainerItemProxy section */
		AA803C141AE9FB8B00E239DC /* PBXContainerItemProxy */ = {
			isa = PBXContainerItemProxy;
			containerPortal = AA803BEC1AE9FB8B00E239DC /* Project object */;
			proxyType = 1;
			remoteGlobalIDString = AA803BF31AE9FB8B00E239DC;
			remoteInfo = MultihopChat;
		};
/* End PBXContainerItemProxy section */

/* Begin PBXFileReference section */
		AA803BF41AE9FB8B00E239DC /* MultihopChat.app */ = {isa = PBXFileReference; explicitFileType = wrapper.application; includeInIndex = 0; path = MultihopChat.app; sourceTree = BUILT_PRODUCTS_DIR; };
		AA803BF81AE9FB8B00E239DC /* Info.plist */ = {isa = PBXFileReference; lastKnownFileType = text.plist.xml; path = Info.plist; sourceTree = "<group>"; };
		AA803BF91AE9FB8B00E239DC /* main.m */ = {isa = PBXFileReference; lastKnownFileType = sourcecode.c.objc; path = main.m; sourceTree = "<group>"; };
		AA803BFB1AE9FB8B00E239DC /* AppDelegate.h */ = {isa = PBXFileReference; lastKnownFileType = sourcecode.c.h; path = AppDelegate.h; sourceTree = "<group>"; };
		AA803BFC1AE9FB8B00E239DC /* AppDelegate.m */ = {isa = PBXFileReference; lastKnownFileType = sourcecode.c.objc; path = AppDelegate.m; sourceTree = "<group>"; };
		AA803BFF1AE9FB8B00E239DC /* MultihopChat.xcdatamodel */ = {isa = PBXFileReference; lastKnownFileType = wrapper.xcdatamodel; path = MultihopChat.xcdatamodel; sourceTree = "<group>"; };
		AA803C011AE9FB8B00E239DC /* MasterViewController.h */ = {isa = PBXFileReference; lastKnownFileType = sourcecode.c.h; path = MasterViewController.h; sourceTree = "<group>"; };
		AA803C021AE9FB8B00E239DC /* MasterViewController.m */ = {isa = PBXFileReference; lastKnownFileType = sourcecode.c.objc; path = MasterViewController.m; sourceTree = "<group>"; };
		AA803C041AE9FB8B00E239DC /* DetailViewController.h */ = {isa = PBXFileReference; lastKnownFileType = sourcecode.c.h; path = DetailViewController.h; sourceTree = "<group>"; };
		AA803C051AE9FB8B00E239DC /* DetailViewController.m */ = {isa = PBXFileReference; lastKnownFileType = sourcecode.c.objc; path = DetailViewController.m; sourceTree = "<group>"; };
		AA803C081AE9FB8B00E239DC /* Base */ = {isa = PBXFileReference; lastKnownFileType = file.storyboard; name = Base; path = Base.lproj/Main.storyboard; sourceTree = "<group>"; };
		AA803C0A1AE9FB8B00E239DC /* Images.xcassets */ = {isa = PBXFileReference; lastKnownFileType = folder.assetcatalog; path = Images.xcassets; sourceTree = "<group>"; };
		AA803C0D1AE9FB8B00E239DC /* Base */ = {isa = PBXFileReference; lastKnownFileType = file.xib; name = Base; path = Base.lproj/LaunchScreen.xib; sourceTree = "<group>"; };
		AA803C131AE9FB8B00E239DC /* MultihopChatTests.xctest */ = {isa = PBXFileReference; explicitFileType = wrapper.cfbundle; includeInIndex = 0; path = MultihopChatTests.xctest; sourceTree = BUILT_PRODUCTS_DIR; };
		AA803C181AE9FB8B00E239DC /* Info.plist */ = {isa = PBXFileReference; lastKnownFileType = text.plist.xml; path = Info.plist; sourceTree = "<group>"; };
		AA803C191AE9FB8B00E239DC /* MultihopChatTests.m */ = {isa = PBXFileReference; lastKnownFileType = sourcecode.c.objc; path = MultihopChatTests.m; sourceTree = "<group>"; };
		AA803C241AE9FCCA00E239DC /* MH6ShotsProtocol.h */ = {isa = PBXFileReference; fileEncoding = 4; lastKnownFileType = sourcecode.c.h; path = MH6ShotsProtocol.h; sourceTree = "<group>"; };
		AA803C251AE9FCCA00E239DC /* MH6ShotsProtocol.m */ = {isa = PBXFileReference; fileEncoding = 4; lastKnownFileType = sourcecode.c.objc; path = MH6ShotsProtocol.m; sourceTree = "<group>"; };
		AA803C261AE9FCCA00E239DC /* MH6ShotsSchedule.h */ = {isa = PBXFileReference; fileEncoding = 4; lastKnownFileType = sourcecode.c.h; path = MH6ShotsSchedule.h; sourceTree = "<group>"; };
		AA803C271AE9FCCA00E239DC /* MH6ShotsSchedule.m */ = {isa = PBXFileReference; fileEncoding = 4; lastKnownFileType = sourcecode.c.objc; path = MH6ShotsSchedule.m; sourceTree = "<group>"; };
		AA803C281AE9FCCA00E239DC /* MH6ShotsScheduler.h */ = {isa = PBXFileReference; fileEncoding = 4; lastKnownFileType = sourcecode.c.h; path = MH6ShotsScheduler.h; sourceTree = "<group>"; };
		AA803C291AE9FCCA00E239DC /* MH6ShotsScheduler.m */ = {isa = PBXFileReference; fileEncoding = 4; lastKnownFileType = sourcecode.c.objc; path = MH6ShotsScheduler.m; sourceTree = "<group>"; };
		AA803C2A1AE9FCCA00E239DC /* MHConnectionBuffer.h */ = {isa = PBXFileReference; fileEncoding = 4; lastKnownFileType = sourcecode.c.h; path = MHConnectionBuffer.h; sourceTree = "<group>"; };
		AA803C2B1AE9FCCA00E239DC /* MHConnectionBuffer.m */ = {isa = PBXFileReference; fileEncoding = 4; lastKnownFileType = sourcecode.c.objc; path = MHConnectionBuffer.m; sourceTree = "<group>"; };
		AA803C2C1AE9FCCA00E239DC /* MHConnectionsHandler.h */ = {isa = PBXFileReference; fileEncoding = 4; lastKnownFileType = sourcecode.c.h; path = MHConnectionsHandler.h; sourceTree = "<group>"; };
		AA803C2D1AE9FCCA00E239DC /* MHConnectionsHandler.m */ = {isa = PBXFileReference; fileEncoding = 4; lastKnownFileType = sourcecode.c.objc; path = MHConnectionsHandler.m; sourceTree = "<group>"; };
		AA803C2E1AE9FCCA00E239DC /* MHFloodingProtocol.h */ = {isa = PBXFileReference; fileEncoding = 4; lastKnownFileType = sourcecode.c.h; path = MHFloodingProtocol.h; sourceTree = "<group>"; };
		AA803C2F1AE9FCCA00E239DC /* MHFloodingProtocol.m */ = {isa = PBXFileReference; fileEncoding = 4; lastKnownFileType = sourcecode.c.objc; path = MHFloodingProtocol.m; sourceTree = "<group>"; };
		AA803C301AE9FCCA00E239DC /* MHIdGenerator.h */ = {isa = PBXFileReference; fileEncoding = 4; lastKnownFileType = sourcecode.c.h; path = MHIdGenerator.h; sourceTree = "<group>"; };
		AA803C311AE9FCCA00E239DC /* MHIdGenerator.m */ = {isa = PBXFileReference; fileEncoding = 4; lastKnownFileType = sourcecode.c.objc; path = MHIdGenerator.m; sourceTree = "<group>"; };
		AA803C321AE9FCCA00E239DC /* MHLocationManager.h */ = {isa = PBXFileReference; fileEncoding = 4; lastKnownFileType = sourcecode.c.h; path = MHLocationManager.h; sourceTree = "<group>"; };
		AA803C331AE9FCCA00E239DC /* MHLocationManager.m */ = {isa = PBXFileReference; fileEncoding = 4; lastKnownFileType = sourcecode.c.objc; path = MHLocationManager.m; sourceTree = "<group>"; };
		AA803C341AE9FCCA00E239DC /* MHMulticastRoutingProtocol.h */ = {isa = PBXFileReference; fileEncoding = 4; lastKnownFileType = sourcecode.c.h; path = MHMulticastRoutingProtocol.h; sourceTree = "<group>"; };
		AA803C351AE9FCCA00E239DC /* MHMulticastRoutingProtocol.m */ = {isa = PBXFileReference; fileEncoding = 4; lastKnownFileType = sourcecode.c.objc; path = MHMulticastRoutingProtocol.m; sourceTree = "<group>"; };
		AA803C361AE9FCCA00E239DC /* MHMulticastSocket.h */ = {isa = PBXFileReference; fileEncoding = 4; lastKnownFileType = sourcecode.c.h; path = MHMulticastSocket.h; sourceTree = "<group>"; };
		AA803C371AE9FCCA00E239DC /* MHMulticastSocket.m */ = {isa = PBXFileReference; fileEncoding = 4; lastKnownFileType = sourcecode.c.objc; path = MHMulticastSocket.m; sourceTree = "<group>"; };
		AA803C381AE9FCCA00E239DC /* MHMultipeerWrapper.h */ = {isa = PBXFileReference; fileEncoding = 4; lastKnownFileType = sourcecode.c.h; path = MHMultipeerWrapper.h; sourceTree = "<group>"; };
		AA803C391AE9FCCA00E239DC /* MHMultipeerWrapper.m */ = {isa = PBXFileReference; fileEncoding = 4; lastKnownFileType = sourcecode.c.objc; path = MHMultipeerWrapper.m; sourceTree = "<group>"; };
		AA803C3A1AE9FCCA00E239DC /* MHPacket.h */ = {isa = PBXFileReference; fileEncoding = 4; lastKnownFileType = sourcecode.c.h; path = MHPacket.h; sourceTree = "<group>"; };
		AA803C3B1AE9FCCA00E239DC /* MHPacket.m */ = {isa = PBXFileReference; fileEncoding = 4; lastKnownFileType = sourcecode.c.objc; path = MHPacket.m; sourceTree = "<group>"; };
		AA803C3C1AE9FCCA00E239DC /* MHPeer.h */ = {isa = PBXFileReference; fileEncoding = 4; lastKnownFileType = sourcecode.c.h; path = MHPeer.h; sourceTree = "<group>"; };
		AA803C3D1AE9FCCA00E239DC /* MHPeer.m */ = {isa = PBXFileReference; fileEncoding = 4; lastKnownFileType = sourcecode.c.objc; path = MHPeer.m; sourceTree = "<group>"; };
		AA803C3E1AE9FCCA00E239DC /* MHUnicastRoutingProtocol.h */ = {isa = PBXFileReference; fileEncoding = 4; lastKnownFileType = sourcecode.c.h; path = MHUnicastRoutingProtocol.h; sourceTree = "<group>"; };
		AA803C3F1AE9FCCA00E239DC /* MHUnicastRoutingProtocol.m */ = {isa = PBXFileReference; fileEncoding = 4; lastKnownFileType = sourcecode.c.objc; path = MHUnicastRoutingProtocol.m; sourceTree = "<group>"; };
		AA803C401AE9FCCA00E239DC /* MHUnicastSocket.h */ = {isa = PBXFileReference; fileEncoding = 4; lastKnownFileType = sourcecode.c.h; path = MHUnicastSocket.h; sourceTree = "<group>"; };
		AA803C411AE9FCCA00E239DC /* MHUnicastSocket.m */ = {isa = PBXFileReference; fileEncoding = 4; lastKnownFileType = sourcecode.c.objc; path = MHUnicastSocket.m; sourceTree = "<group>"; };
		AA803C511AE9FDAA00E239DC /* Message.h */ = {isa = PBXFileReference; lastKnownFileType = sourcecode.c.h; path = Message.h; sourceTree = "<group>"; };
		AA803C521AE9FDC600E239DC /* Message.m */ = {isa = PBXFileReference; fileEncoding = 4; lastKnownFileType = sourcecode.c.objc; path = Message.m; sourceTree = "<group>"; };
		AA803C571AEC67AC00E239DC /* Peer.h */ = {isa = PBXFileReference; fileEncoding = 4; lastKnownFileType = sourcecode.c.h; path = Peer.h; sourceTree = "<group>"; };
		AA803C581AEC67AC00E239DC /* Peer.m */ = {isa = PBXFileReference; fileEncoding = 4; lastKnownFileType = sourcecode.c.objc; path = Peer.m; sourceTree = "<group>"; };
/* End PBXFileReference section */

/* Begin PBXFrameworksBuildPhase section */
		AA803BF11AE9FB8B00E239DC /* Frameworks */ = {
			isa = PBXFrameworksBuildPhase;
			buildActionMask = 2147483647;
			files = (
			);
			runOnlyForDeploymentPostprocessing = 0;
		};
		AA803C101AE9FB8B00E239DC /* Frameworks */ = {
			isa = PBXFrameworksBuildPhase;
			buildActionMask = 2147483647;
			files = (
			);
			runOnlyForDeploymentPostprocessing = 0;
		};
/* End PBXFrameworksBuildPhase section */

/* Begin PBXGroup section */
		AA803BEB1AE9FB8B00E239DC = {
			isa = PBXGroup;
			children = (
				AA803C231AE9FCCA00E239DC /* Multihop */,
				AA803BF61AE9FB8B00E239DC /* MultihopChat */,
				AA803C161AE9FB8B00E239DC /* MultihopChatTests */,
				AA803BF51AE9FB8B00E239DC /* Products */,
			);
			sourceTree = "<group>";
		};
		AA803BF51AE9FB8B00E239DC /* Products */ = {
			isa = PBXGroup;
			children = (
				AA803BF41AE9FB8B00E239DC /* MultihopChat.app */,
				AA803C131AE9FB8B00E239DC /* MultihopChatTests.xctest */,
			);
			name = Products;
			sourceTree = "<group>";
		};
		AA803BF61AE9FB8B00E239DC /* MultihopChat */ = {
			isa = PBXGroup;
			children = (
				AA803BFB1AE9FB8B00E239DC /* AppDelegate.h */,
				AA803BFC1AE9FB8B00E239DC /* AppDelegate.m */,
				AA803C041AE9FB8B00E239DC /* DetailViewController.h */,
				AA803C051AE9FB8B00E239DC /* DetailViewController.m */,
				AA803C0A1AE9FB8B00E239DC /* Images.xcassets */,
				AA803C0C1AE9FB8B00E239DC /* LaunchScreen.xib */,
				AA803C071AE9FB8B00E239DC /* Main.storyboard */,
				AA803C011AE9FB8B00E239DC /* MasterViewController.h */,
				AA803C021AE9FB8B00E239DC /* MasterViewController.m */,
				AA803C511AE9FDAA00E239DC /* Message.h */,
				AA803C521AE9FDC600E239DC /* Message.m */,
				AA803BFE1AE9FB8B00E239DC /* MultihopChat.xcdatamodeld */,
				AA803C571AEC67AC00E239DC /* Peer.h */,
				AA803C581AEC67AC00E239DC /* Peer.m */,
				AA803BF71AE9FB8B00E239DC /* Supporting Files */,
			);
			path = MultihopChat;
			sourceTree = "<group>";
		};
		AA803BF71AE9FB8B00E239DC /* Supporting Files */ = {
			isa = PBXGroup;
			children = (
				AA803BF81AE9FB8B00E239DC /* Info.plist */,
				AA803BF91AE9FB8B00E239DC /* main.m */,
			);
			name = "Supporting Files";
			sourceTree = "<group>";
		};
		AA803C161AE9FB8B00E239DC /* MultihopChatTests */ = {
			isa = PBXGroup;
			children = (
				AA803C191AE9FB8B00E239DC /* MultihopChatTests.m */,
				AA803C171AE9FB8B00E239DC /* Supporting Files */,
			);
			path = MultihopChatTests;
			sourceTree = "<group>";
		};
		AA803C171AE9FB8B00E239DC /* Supporting Files */ = {
			isa = PBXGroup;
			children = (
				AA803C181AE9FB8B00E239DC /* Info.plist */,
			);
			name = "Supporting Files";
			sourceTree = "<group>";
		};
		AA803C231AE9FCCA00E239DC /* Multihop */ = {
			isa = PBXGroup;
			children = (
				AA803C241AE9FCCA00E239DC /* MH6ShotsProtocol.h */,
				AA803C251AE9FCCA00E239DC /* MH6ShotsProtocol.m */,
				AA803C261AE9FCCA00E239DC /* MH6ShotsSchedule.h */,
				AA803C271AE9FCCA00E239DC /* MH6ShotsSchedule.m */,
				AA803C281AE9FCCA00E239DC /* MH6ShotsScheduler.h */,
				AA803C291AE9FCCA00E239DC /* MH6ShotsScheduler.m */,
				AA803C2A1AE9FCCA00E239DC /* MHConnectionBuffer.h */,
				AA803C2B1AE9FCCA00E239DC /* MHConnectionBuffer.m */,
				AA803C2C1AE9FCCA00E239DC /* MHConnectionsHandler.h */,
				AA803C2D1AE9FCCA00E239DC /* MHConnectionsHandler.m */,
				AA803C2E1AE9FCCA00E239DC /* MHFloodingProtocol.h */,
				AA803C2F1AE9FCCA00E239DC /* MHFloodingProtocol.m */,
				AA803C301AE9FCCA00E239DC /* MHIdGenerator.h */,
				AA803C311AE9FCCA00E239DC /* MHIdGenerator.m */,
				AA803C321AE9FCCA00E239DC /* MHLocationManager.h */,
				AA803C331AE9FCCA00E239DC /* MHLocationManager.m */,
				AA803C341AE9FCCA00E239DC /* MHMulticastRoutingProtocol.h */,
				AA803C351AE9FCCA00E239DC /* MHMulticastRoutingProtocol.m */,
				AA803C361AE9FCCA00E239DC /* MHMulticastSocket.h */,
				AA803C371AE9FCCA00E239DC /* MHMulticastSocket.m */,
				AA803C381AE9FCCA00E239DC /* MHMultipeerWrapper.h */,
				AA803C391AE9FCCA00E239DC /* MHMultipeerWrapper.m */,
				AA803C3A1AE9FCCA00E239DC /* MHPacket.h */,
				AA803C3B1AE9FCCA00E239DC /* MHPacket.m */,
				AA803C3C1AE9FCCA00E239DC /* MHPeer.h */,
				AA803C3D1AE9FCCA00E239DC /* MHPeer.m */,
				AA803C3E1AE9FCCA00E239DC /* MHUnicastRoutingProtocol.h */,
				AA803C3F1AE9FCCA00E239DC /* MHUnicastRoutingProtocol.m */,
				AA803C401AE9FCCA00E239DC /* MHUnicastSocket.h */,
				AA803C411AE9FCCA00E239DC /* MHUnicastSocket.m */,
			);
			name = Multihop;
			path = "../multihop-lib-ios/Multihop";
			sourceTree = "<group>";
		};
/* End PBXGroup section */

/* Begin PBXNativeTarget section */
		AA803BF31AE9FB8B00E239DC /* MultihopChat */ = {
			isa = PBXNativeTarget;
			buildConfigurationList = AA803C1D1AE9FB8B00E239DC /* Build configuration list for PBXNativeTarget "MultihopChat" */;
			buildPhases = (
				AA803BF01AE9FB8B00E239DC /* Sources */,
				AA803BF11AE9FB8B00E239DC /* Frameworks */,
				AA803BF21AE9FB8B00E239DC /* Resources */,
			);
			buildRules = (
			);
			dependencies = (
			);
			name = MultihopChat;
			productName = MultihopChat;
			productReference = AA803BF41AE9FB8B00E239DC /* MultihopChat.app */;
			productType = "com.apple.product-type.application";
		};
		AA803C121AE9FB8B00E239DC /* MultihopChatTests */ = {
			isa = PBXNativeTarget;
			buildConfigurationList = AA803C201AE9FB8B00E239DC /* Build configuration list for PBXNativeTarget "MultihopChatTests" */;
			buildPhases = (
				AA803C0F1AE9FB8B00E239DC /* Sources */,
				AA803C101AE9FB8B00E239DC /* Frameworks */,
				AA803C111AE9FB8B00E239DC /* Resources */,
			);
			buildRules = (
			);
			dependencies = (
				AA803C151AE9FB8B00E239DC /* PBXTargetDependency */,
			);
			name = MultihopChatTests;
			productName = MultihopChatTests;
			productReference = AA803C131AE9FB8B00E239DC /* MultihopChatTests.xctest */;
			productType = "com.apple.product-type.bundle.unit-test";
		};
/* End PBXNativeTarget section */

/* Begin PBXProject section */
		AA803BEC1AE9FB8B00E239DC /* Project object */ = {
			isa = PBXProject;
			attributes = {
				LastUpgradeCheck = 0620;
				ORGANIZATIONNAME = "Sven Reber";
				TargetAttributes = {
					AA803BF31AE9FB8B00E239DC = {
						CreatedOnToolsVersion = 6.2;
					};
					AA803C121AE9FB8B00E239DC = {
						CreatedOnToolsVersion = 6.2;
						TestTargetID = AA803BF31AE9FB8B00E239DC;
					};
				};
			};
			buildConfigurationList = AA803BEF1AE9FB8B00E239DC /* Build configuration list for PBXProject "MultihopChat" */;
			compatibilityVersion = "Xcode 3.2";
			developmentRegion = English;
			hasScannedForEncodings = 0;
			knownRegions = (
				en,
				Base,
			);
			mainGroup = AA803BEB1AE9FB8B00E239DC;
			productRefGroup = AA803BF51AE9FB8B00E239DC /* Products */;
			projectDirPath = "";
			projectRoot = "";
			targets = (
				AA803BF31AE9FB8B00E239DC /* MultihopChat */,
				AA803C121AE9FB8B00E239DC /* MultihopChatTests */,
			);
		};
/* End PBXProject section */

/* Begin PBXResourcesBuildPhase section */
		AA803BF21AE9FB8B00E239DC /* Resources */ = {
			isa = PBXResourcesBuildPhase;
			buildActionMask = 2147483647;
			files = (
				AA803C091AE9FB8B00E239DC /* Main.storyboard in Resources */,
				AA803C0E1AE9FB8B00E239DC /* LaunchScreen.xib in Resources */,
				AA803C0B1AE9FB8B00E239DC /* Images.xcassets in Resources */,
			);
			runOnlyForDeploymentPostprocessing = 0;
		};
		AA803C111AE9FB8B00E239DC /* Resources */ = {
			isa = PBXResourcesBuildPhase;
			buildActionMask = 2147483647;
			files = (
			);
			runOnlyForDeploymentPostprocessing = 0;
		};
/* End PBXResourcesBuildPhase section */

/* Begin PBXSourcesBuildPhase section */
		AA803BF01AE9FB8B00E239DC /* Sources */ = {
			isa = PBXSourcesBuildPhase;
			buildActionMask = 2147483647;
			files = (
				AA803C061AE9FB8B00E239DC /* DetailViewController.m in Sources */,
				AA803C441AE9FCCA00E239DC /* MH6ShotsScheduler.m in Sources */,
				AA803C4F1AE9FCCA00E239DC /* MHUnicastRoutingProtocol.m in Sources */,
				AA803C031AE9FB8B00E239DC /* MasterViewController.m in Sources */,
				AA803BFD1AE9FB8B00E239DC /* AppDelegate.m in Sources */,
				AA803C501AE9FCCA00E239DC /* MHUnicastSocket.m in Sources */,
				AA803C421AE9FCCA00E239DC /* MH6ShotsProtocol.m in Sources */,
				AA803C4B1AE9FCCA00E239DC /* MHMulticastSocket.m in Sources */,
				AA803C431AE9FCCA00E239DC /* MH6ShotsSchedule.m in Sources */,
				AA803C591AEC67AC00E239DC /* Peer.m in Sources */,
				AA803C4A1AE9FCCA00E239DC /* MHMulticastRoutingProtocol.m in Sources */,
				AA803C531AE9FDC600E239DC /* Message.m in Sources */,
				AA803BFA1AE9FB8B00E239DC /* main.m in Sources */,
				AA803C481AE9FCCA00E239DC /* MHIdGenerator.m in Sources */,
				AA803C471AE9FCCA00E239DC /* MHFloodingProtocol.m in Sources */,
				AA803C491AE9FCCA00E239DC /* MHLocationManager.m in Sources */,
				AA803C4D1AE9FCCA00E239DC /* MHPacket.m in Sources */,
				AA803C4C1AE9FCCA00E239DC /* MHMultipeerWrapper.m in Sources */,
				AA803C461AE9FCCA00E239DC /* MHConnectionsHandler.m in Sources */,
				AA803C001AE9FB8B00E239DC /* MultihopChat.xcdatamodeld in Sources */,
				AA803C4E1AE9FCCA00E239DC /* MHPeer.m in Sources */,
				AA803C451AE9FCCA00E239DC /* MHConnectionBuffer.m in Sources */,
			);
			runOnlyForDeploymentPostprocessing = 0;
		};
		AA803C0F1AE9FB8B00E239DC /* Sources */ = {
			isa = PBXSourcesBuildPhase;
			buildActionMask = 2147483647;
			files = (
				AA803C1A1AE9FB8B00E239DC /* MultihopChatTests.m in Sources */,
			);
			runOnlyForDeploymentPostprocessing = 0;
		};
/* End PBXSourcesBuildPhase section */

/* Begin PBXTargetDependency section */
		AA803C151AE9FB8B00E239DC /* PBXTargetDependency */ = {
			isa = PBXTargetDependency;
			target = AA803BF31AE9FB8B00E239DC /* MultihopChat */;
			targetProxy = AA803C141AE9FB8B00E239DC /* PBXContainerItemProxy */;
		};
/* End PBXTargetDependency section */

/* Begin PBXVariantGroup section */
		AA803C071AE9FB8B00E239DC /* Main.storyboard */ = {
			isa = PBXVariantGroup;
			children = (
				AA803C081AE9FB8B00E239DC /* Base */,
			);
			name = Main.storyboard;
			sourceTree = "<group>";
		};
		AA803C0C1AE9FB8B00E239DC /* LaunchScreen.xib */ = {
			isa = PBXVariantGroup;
			children = (
				AA803C0D1AE9FB8B00E239DC /* Base */,
			);
			name = LaunchScreen.xib;
			sourceTree = "<group>";
		};
/* End PBXVariantGroup section */

/* Begin XCBuildConfiguration section */
		AA803C1B1AE9FB8B00E239DC /* Debug */ = {
			isa = XCBuildConfiguration;
			buildSettings = {
				ALWAYS_SEARCH_USER_PATHS = NO;
				CLANG_CXX_LANGUAGE_STANDARD = "gnu++0x";
				CLANG_CXX_LIBRARY = "libc++";
				CLANG_ENABLE_MODULES = YES;
				CLANG_ENABLE_OBJC_ARC = YES;
				CLANG_WARN_BOOL_CONVERSION = YES;
				CLANG_WARN_CONSTANT_CONVERSION = YES;
				CLANG_WARN_DIRECT_OBJC_ISA_USAGE = YES_ERROR;
				CLANG_WARN_EMPTY_BODY = YES;
				CLANG_WARN_ENUM_CONVERSION = YES;
				CLANG_WARN_INT_CONVERSION = YES;
				CLANG_WARN_OBJC_ROOT_CLASS = YES_ERROR;
				CLANG_WARN_UNREACHABLE_CODE = YES;
				CLANG_WARN__DUPLICATE_METHOD_MATCH = YES;
				"CODE_SIGN_IDENTITY[sdk=iphoneos*]" = "iPhone Developer";
				COPY_PHASE_STRIP = NO;
				ENABLE_STRICT_OBJC_MSGSEND = YES;
				GCC_C_LANGUAGE_STANDARD = gnu99;
				GCC_DYNAMIC_NO_PIC = NO;
				GCC_OPTIMIZATION_LEVEL = 0;
				GCC_PREPROCESSOR_DEFINITIONS = (
					"DEBUG=1",
					"$(inherited)",
				);
				GCC_SYMBOLS_PRIVATE_EXTERN = NO;
				GCC_WARN_64_TO_32_BIT_CONVERSION = YES;
				GCC_WARN_ABOUT_RETURN_TYPE = YES_ERROR;
				GCC_WARN_UNDECLARED_SELECTOR = YES;
				GCC_WARN_UNINITIALIZED_AUTOS = YES_AGGRESSIVE;
				GCC_WARN_UNUSED_FUNCTION = YES;
				GCC_WARN_UNUSED_VARIABLE = YES;
				IPHONEOS_DEPLOYMENT_TARGET = 8.2;
				MTL_ENABLE_DEBUG_INFO = YES;
				ONLY_ACTIVE_ARCH = YES;
				SDKROOT = iphoneos;
				TARGETED_DEVICE_FAMILY = "1,2";
			};
			name = Debug;
		};
		AA803C1C1AE9FB8B00E239DC /* Release */ = {
			isa = XCBuildConfiguration;
			buildSettings = {
				ALWAYS_SEARCH_USER_PATHS = NO;
				CLANG_CXX_LANGUAGE_STANDARD = "gnu++0x";
				CLANG_CXX_LIBRARY = "libc++";
				CLANG_ENABLE_MODULES = YES;
				CLANG_ENABLE_OBJC_ARC = YES;
				CLANG_WARN_BOOL_CONVERSION = YES;
				CLANG_WARN_CONSTANT_CONVERSION = YES;
				CLANG_WARN_DIRECT_OBJC_ISA_USAGE = YES_ERROR;
				CLANG_WARN_EMPTY_BODY = YES;
				CLANG_WARN_ENUM_CONVERSION = YES;
				CLANG_WARN_INT_CONVERSION = YES;
				CLANG_WARN_OBJC_ROOT_CLASS = YES_ERROR;
				CLANG_WARN_UNREACHABLE_CODE = YES;
				CLANG_WARN__DUPLICATE_METHOD_MATCH = YES;
				"CODE_SIGN_IDENTITY[sdk=iphoneos*]" = "iPhone Developer";
				COPY_PHASE_STRIP = NO;
				ENABLE_NS_ASSERTIONS = NO;
				ENABLE_STRICT_OBJC_MSGSEND = YES;
				GCC_C_LANGUAGE_STANDARD = gnu99;
				GCC_WARN_64_TO_32_BIT_CONVERSION = YES;
				GCC_WARN_ABOUT_RETURN_TYPE = YES_ERROR;
				GCC_WARN_UNDECLARED_SELECTOR = YES;
				GCC_WARN_UNINITIALIZED_AUTOS = YES_AGGRESSIVE;
				GCC_WARN_UNUSED_FUNCTION = YES;
				GCC_WARN_UNUSED_VARIABLE = YES;
				IPHONEOS_DEPLOYMENT_TARGET = 8.2;
				MTL_ENABLE_DEBUG_INFO = NO;
				SDKROOT = iphoneos;
				TARGETED_DEVICE_FAMILY = "1,2";
				VALIDATE_PRODUCT = YES;
			};
			name = Release;
		};
		AA803C1E1AE9FB8B00E239DC /* Debug */ = {
			isa = XCBuildConfiguration;
			buildSettings = {
				ASSETCATALOG_COMPILER_APPICON_NAME = AppIcon;
				INFOPLIST_FILE = MultihopChat/Info.plist;
				LD_RUNPATH_SEARCH_PATHS = "$(inherited) @executable_path/Frameworks";
				PRODUCT_NAME = "$(TARGET_NAME)";
			};
			name = Debug;
		};
		AA803C1F1AE9FB8B00E239DC /* Release */ = {
			isa = XCBuildConfiguration;
			buildSettings = {
				ASSETCATALOG_COMPILER_APPICON_NAME = AppIcon;
				INFOPLIST_FILE = MultihopChat/Info.plist;
				LD_RUNPATH_SEARCH_PATHS = "$(inherited) @executable_path/Frameworks";
				PRODUCT_NAME = "$(TARGET_NAME)";
			};
			name = Release;
		};
		AA803C211AE9FB8B00E239DC /* Debug */ = {
			isa = XCBuildConfiguration;
			buildSettings = {
				BUNDLE_LOADER = "$(TEST_HOST)";
				FRAMEWORK_SEARCH_PATHS = (
					"$(SDKROOT)/Developer/Library/Frameworks",
					"$(inherited)",
				);
				GCC_PREPROCESSOR_DEFINITIONS = (
					"DEBUG=1",
					"$(inherited)",
				);
				INFOPLIST_FILE = MultihopChatTests/Info.plist;
				LD_RUNPATH_SEARCH_PATHS = "$(inherited) @executable_path/Frameworks @loader_path/Frameworks";
				PRODUCT_NAME = "$(TARGET_NAME)";
				TEST_HOST = "$(BUILT_PRODUCTS_DIR)/MultihopChat.app/MultihopChat";
			};
			name = Debug;
		};
		AA803C221AE9FB8B00E239DC /* Release */ = {
			isa = XCBuildConfiguration;
			buildSettings = {
				BUNDLE_LOADER = "$(TEST_HOST)";
				FRAMEWORK_SEARCH_PATHS = (
					"$(SDKROOT)/Developer/Library/Frameworks",
					"$(inherited)",
				);
				INFOPLIST_FILE = MultihopChatTests/Info.plist;
				LD_RUNPATH_SEARCH_PATHS = "$(inherited) @executable_path/Frameworks @loader_path/Frameworks";
				PRODUCT_NAME = "$(TARGET_NAME)";
				TEST_HOST = "$(BUILT_PRODUCTS_DIR)/MultihopChat.app/MultihopChat";
			};
			name = Release;
		};
/* End XCBuildConfiguration section */

/* Begin XCConfigurationList section */
		AA803BEF1AE9FB8B00E239DC /* Build configuration list for PBXProject "MultihopChat" */ = {
			isa = XCConfigurationList;
			buildConfigurations = (
				AA803C1B1AE9FB8B00E239DC /* Debug */,
				AA803C1C1AE9FB8B00E239DC /* Release */,
			);
			defaultConfigurationIsVisible = 0;
			defaultConfigurationName = Release;
		};
		AA803C1D1AE9FB8B00E239DC /* Build configuration list for PBXNativeTarget "MultihopChat" */ = {
			isa = XCConfigurationList;
			buildConfigurations = (
				AA803C1E1AE9FB8B00E239DC /* Debug */,
				AA803C1F1AE9FB8B00E239DC /* Release */,
			);
			defaultConfigurationIsVisible = 0;
			defaultConfigurationName = Release;
		};
		AA803C201AE9FB8B00E239DC /* Build configuration list for PBXNativeTarget "MultihopChatTests" */ = {
			isa = XCConfigurationList;
			buildConfigurations = (
				AA803C211AE9FB8B00E239DC /* Debug */,
				AA803C221AE9FB8B00E239DC /* Release */,
			);
			defaultConfigurationIsVisible = 0;
			defaultConfigurationName = Release;
		};
/* End XCConfigurationList section */

/* Begin XCVersionGroup section */
		AA803BFE1AE9FB8B00E239DC /* MultihopChat.xcdatamodeld */ = {
			isa = XCVersionGroup;
			children = (
				AA803BFF1AE9FB8B00E239DC /* MultihopChat.xcdatamodel */,
			);
			currentVersion = AA803BFF1AE9FB8B00E239DC /* MultihopChat.xcdatamodel */;
			path = MultihopChat.xcdatamodeld;
			sourceTree = "<group>";
			versionGroupType = wrapper.xcdatamodel;
		};
/* End XCVersionGroup section */
	};
	rootObject = AA803BEC1AE9FB8B00E239DC /* Project object */;
}
